
Microsoft Visual Studio Solution File, Format Version 12.00
# Visual Studio Version 17
VisualStudioVersion = 17.2.32526.322
MinimumVisualStudioVersion = 10.0.40219.1
Project("{8BC9CEB8-8B4A-11D0-8D11-00A0C91BC942}") = "FP_DZ_09_02", "FP_DZ_09_02\FP_DZ_09_02.vcxproj", "{D29EC742-4372-4B8C-B952-5539EF0B7A46}"
EndProject
Global
	GlobalSection(SolutionConfigurationPlatforms) = preSolution
		Debug|x64 = Debug|x64
		Debug|x86 = Debug|x86
		Release|x64 = Release|x64
		Release|x86 = Release|x86
	EndGlobalSection
	GlobalSection(ProjectConfigurationPlatforms) = postSolution
		{D29EC742-4372-4B8C-B952-5539EF0B7A46}.Debug|x64.ActiveCfg = Debug|x64
		{D29EC742-4372-4B8C-B952-5539EF0B7A46}.Debug|x64.Build.0 = Debug|x64
		{D29EC742-4372-4B8C-B952-5539EF0B7A46}.Debug|x86.ActiveCfg = Debug|Win32
		{D29EC742-4372-4B8C-B952-5539EF0B7A46}.Debug|x86.Build.0 = Debug|Win32
		{D29EC742-4372-4B8C-B952-5539EF0B7A46}.Release|x64.ActiveCfg = Release|x64
		{D29EC742-4372-4B8C-B952-5539EF0B7A46}.Release|x64.Build.0 = Release|x64
		{D29EC742-4372-4B8C-B952-5539EF0B7A46}.Release|x86.ActiveCfg = Release|Win32
		{D29EC742-4372-4B8C-B952-5539EF0B7A46}.Release|x86.Build.0 = Release|Win32
	EndGlobalSection
	GlobalSection(SolutionProperties) = preSolution
		HideSolutionNode = FALSE
	EndGlobalSection
	GlobalSection(ExtensibilityGlobals) = postSolution
		SolutionGuid = {94632780-B76F-4F7C-B0D0-0A6B26376DF8}
	EndGlobalSection
EndGlobal
